
Microsoft Visual Studio Solution File, Format Version 12.00
# Visual Studio Version 17
VisualStudioVersion = 17.4.33213.308
MinimumVisualStudioVersion = 10.0.40219.1
Project("{F184B08F-C81C-45F6-A57F-5ABD9991F28F}") = "20230403CPSC3118Assignment7", "20230403CPSC3118Assignment7.vbproj", "{C5EEA22D-FBA5-40BB-A9CD-E015073B6FFA}"
EndProject
Global
	GlobalSection(SolutionConfigurationPlatforms) = preSolution
		Debug|Any CPU = Debug|Any CPU
		Release|Any CPU = Release|Any CPU
	EndGlobalSection
	GlobalSection(ProjectConfigurationPlatforms) = postSolution
		{C5EEA22D-FBA5-40BB-A9CD-E015073B6FFA}.Debug|Any CPU.ActiveCfg = Debug|Any CPU
		{C5EEA22D-FBA5-40BB-A9CD-E015073B6FFA}.Debug|Any CPU.Build.0 = Debug|Any CPU
		{C5EEA22D-FBA5-40BB-A9CD-E015073B6FFA}.Release|Any CPU.ActiveCfg = Release|Any CPU
		{C5EEA22D-FBA5-40BB-A9CD-E015073B6FFA}.Release|Any CPU.Build.0 = Release|Any CPU
	EndGlobalSection
	GlobalSection(SolutionProperties) = preSolution
		HideSolutionNode = FALSE
	EndGlobalSection
	GlobalSection(ExtensibilityGlobals) = postSolution
		SolutionGuid = {0F0CD5E4-334E-4CDF-B161-81F873042067}
	EndGlobalSection
EndGlobal
